{
  "name": "playground-roi",
  "version": "1.0.0",
  "lockfileVersion": 3,
  "requires": true,
  "packages": {
    "": {
      "name": "playground-roi",
      "version": "1.0.0",
      "license": "ISC",
      "dependencies": {
        "@swinton/scrabblescore": "^1.0.0",
        "lodash": "^3.10.1"
      }
    },
    "node_modules/@swinton/scrabblescore": {
      "version": "1.0.0",
      "resolved": "https://registry.npmjs.org/@swinton/scrabblescore/-/scrabblescore-1.0.0.tgz",
      "integrity": "sha512-ZrDn/39XYLoITuoh8Emgdyjj4E8yg4uXQ6Se6k4CfTkEA6ugRsj6dQYd08Qcr0GDIP+t8HHT0pf2a6h1zu09Nw==",
      "engines": {
        "node": ">= 8.3.0"
      }
    },
    "node_modules/lodash": {
      "version": "3.10.1",
      "resolved": "https://registry.npmjs.org/lodash/-/lodash-3.10.1.tgz",
      "integrity": "sha512-9mDDwqVIma6OZX79ZlDACZl8sBm0TEnkf99zV3iMA4GzkIT/9hiqP5mY0HoT1iNLCrKc/R1HByV+yJfRWVJryQ=="
    }
  }
}
